
Microsoft Visual Studio Solution File, Format Version 12.00
# Visual Studio Version 16
VisualStudioVersion = 16.0.30907.101
MinimumVisualStudioVersion = 10.0.40219.1
Project("{9A19103F-16F7-4668-BE54-9A1E7A4F7556}") = "EmergencyAlertTracker.Web", "EmergencyAlertTracker.Web\EmergencyAlertTracker.Web.csproj", "{1BEE0AC7-AF28-4695-B367-DCC52BC2724E}"
EndProject
Project("{FAE04EC0-301F-11D3-BF4B-00C04F79EFBC}") = "EmergencyAlertTracker.DAL", "EmergencyAlertTracker.DAL\EmergencyAlertTracker.DAL.csproj", "{808682FB-E89B-4358-AC4F-D283984252F6}"
EndProject
Global
	GlobalSection(SolutionConfigurationPlatforms) = preSolution
		Debug|Any CPU = Debug|Any CPU
		Release|Any CPU = Release|Any CPU
	EndGlobalSection
	GlobalSection(ProjectConfigurationPlatforms) = postSolution
		{1BEE0AC7-AF28-4695-B367-DCC52BC2724E}.Debug|Any CPU.ActiveCfg = Debug|Any CPU
		{1BEE0AC7-AF28-4695-B367-DCC52BC2724E}.Debug|Any CPU.Build.0 = Debug|Any CPU
		{1BEE0AC7-AF28-4695-B367-DCC52BC2724E}.Release|Any CPU.ActiveCfg = Release|Any CPU
		{1BEE0AC7-AF28-4695-B367-DCC52BC2724E}.Release|Any CPU.Build.0 = Release|Any CPU
		{808682FB-E89B-4358-AC4F-D283984252F6}.Debug|Any CPU.ActiveCfg = Debug|Any CPU
		{808682FB-E89B-4358-AC4F-D283984252F6}.Debug|Any CPU.Build.0 = Debug|Any CPU
		{808682FB-E89B-4358-AC4F-D283984252F6}.Release|Any CPU.ActiveCfg = Release|Any CPU
		{808682FB-E89B-4358-AC4F-D283984252F6}.Release|Any CPU.Build.0 = Release|Any CPU
	EndGlobalSection
	GlobalSection(SolutionProperties) = preSolution
		HideSolutionNode = FALSE
	EndGlobalSection
	GlobalSection(ExtensibilityGlobals) = postSolution
		SolutionGuid = {EE23C3BF-8220-4EEF-80CA-3A0413E63281}
	EndGlobalSection
EndGlobal
